
Microsoft Visual Studio Solution File, Format Version 12.00
# Visual Studio Version 16
VisualStudioVersion = 16.0.31321.278
MinimumVisualStudioVersion = 10.0.40219.1
Project("{FAE04EC0-301F-11D3-BF4B-00C04F79EFBC}") = "QLPKS", "QLPKS.csproj", "{71A1552A-411C-4072-8531-5143932FBA42}"
EndProject
Global
	GlobalSection(SolutionConfigurationPlatforms) = preSolution
		Debug|Any CPU = Debug|Any CPU
		Release|Any CPU = Release|Any CPU
	EndGlobalSection
	GlobalSection(ProjectConfigurationPlatforms) = postSolution
		{71A1552A-411C-4072-8531-5143932FBA42}.Debug|Any CPU.ActiveCfg = Debug|Any CPU
		{71A1552A-411C-4072-8531-5143932FBA42}.Debug|Any CPU.Build.0 = Debug|Any CPU
		{71A1552A-411C-4072-8531-5143932FBA42}.Release|Any CPU.ActiveCfg = Release|Any CPU
		{71A1552A-411C-4072-8531-5143932FBA42}.Release|Any CPU.Build.0 = Release|Any CPU
	EndGlobalSection
	GlobalSection(SolutionProperties) = preSolution
		HideSolutionNode = FALSE
	EndGlobalSection
	GlobalSection(ExtensibilityGlobals) = postSolution
		SolutionGuid = {6829DA9D-1094-4B71-A4C6-332497DF301B}
	EndGlobalSection
EndGlobal
